
Microsoft Visual Studio Solution File, Format Version 11.00
# Visual Studio 2010
Project("{FAE04EC0-301F-11D3-BF4B-00C04F79EFBC}") = "Lookmap", "Lookmap.csproj", "{5DC219B5-6F8A-484C-BC3E-70C3A17D321D}"
EndProject
Project("{2150E333-8FDC-42A3-9474-1A3956D46DE8}") = "Solution Items", "Solution Items", "{D40CC0FA-343E-4561-B3EE-FFD9AD568BF0}"
	ProjectSection(SolutionItems) = preProject
		JSLintOptions.xml = JSLintOptions.xml
	EndProjectSection
EndProject
Global
	GlobalSection(JSLint) = preSolution
		SolutionConfigurationLocation = JSLintOptions.xml
	EndGlobalSection
	GlobalSection(SolutionConfigurationPlatforms) = preSolution
		Debug|Any CPU = Debug|Any CPU
		Release|Any CPU = Release|Any CPU
	EndGlobalSection
	GlobalSection(ProjectConfigurationPlatforms) = postSolution
		{5DC219B5-6F8A-484C-BC3E-70C3A17D321D}.Debug|Any CPU.ActiveCfg = Debug|Any CPU
		{5DC219B5-6F8A-484C-BC3E-70C3A17D321D}.Debug|Any CPU.Build.0 = Debug|Any CPU
		{5DC219B5-6F8A-484C-BC3E-70C3A17D321D}.Debug|Any CPU.Deploy.0 = Debug|Any CPU
		{5DC219B5-6F8A-484C-BC3E-70C3A17D321D}.Release|Any CPU.ActiveCfg = Release|Any CPU
		{5DC219B5-6F8A-484C-BC3E-70C3A17D321D}.Release|Any CPU.Build.0 = Release|Any CPU
		{5DC219B5-6F8A-484C-BC3E-70C3A17D321D}.Release|Any CPU.Deploy.0 = Release|Any CPU
	EndGlobalSection
	GlobalSection(SolutionProperties) = preSolution
		HideSolutionNode = FALSE
	EndGlobalSection
EndGlobal
